
Microsoft Visual Studio Solution File, Format Version 12.00
# Visual Studio Version 16
VisualStudioVersion = 16.0.29519.87
MinimumVisualStudioVersion = 15.0.26124.0
Project("{2150E333-8FDC-42A3-9474-1A3956D46DE8}") = "src", "src", "{6EE5F03A-7E37-48DB-95BA-3C42942B69AF}"
	ProjectSection(SolutionItems) = preProject
		src\Directory.Build.props = src\Directory.Build.props
	EndProjectSection
EndProject
Project("{9A19103F-16F7-4668-BE54-9A1E7A4F7556}") = "Application", "src\Application\Application.csproj", "{0F658AD1-3154-4381-A1E0-5FBA70C36FC2}"
EndProject
Project("{9A19103F-16F7-4668-BE54-9A1E7A4F7556}") = "Domain", "src\Domain\Domain.csproj", "{5F335AB0-B7F8-4ABF-BCB1-45F94D77F5D3}"
EndProject
Project("{9A19103F-16F7-4668-BE54-9A1E7A4F7556}") = "Infrastructure", "src\Infrastructure\Infrastructure.csproj", "{98E6E94F-804D-4332-8324-4F4DF037DCD3}"
EndProject
Project("{9A19103F-16F7-4668-BE54-9A1E7A4F7556}") = "WebApi", "src\WebApi\WebApi.csproj", "{EE3837B9-C6EB-4384-B9F9-C441232DBE15}"
EndProject
Project("{2150E333-8FDC-42A3-9474-1A3956D46DE8}") = "tests", "tests", "{6505DBE7-AC3B-4575-BCDC-C34F09D9373B}"
EndProject
Project("{9A19103F-16F7-4668-BE54-9A1E7A4F7556}") = "IntegrationTests", "test\IntegrationTests\IntegrationTests.csproj", "{CE9661D0-71FB-418B-9479-CF5C0D43DBE6}"
EndProject
Project("{9A19103F-16F7-4668-BE54-9A1E7A4F7556}") = "UnitTests", "test\UnitTests\UnitTests.csproj", "{5185498B-241B-49DA-BDA7-F08A2ACA4886}"
EndProject
Project("{9A19103F-16F7-4668-BE54-9A1E7A4F7556}") = "ComponentTests", "test\ComponentTests\ComponentTests.csproj", "{95F75E96-7060-4612-A78F-C187D0B93331}"
EndProject
Project("{2150E333-8FDC-42A3-9474-1A3956D46DE8}") = "Solution Items", "Solution Items", "{0A5F185E-DE63-4F81-AF29-2B5F6AEC7885}"
	ProjectSection(SolutionItems) = preProject
		.editorconfig = .editorconfig
		.gitignore = .gitignore
		azure-pipelines.yml = azure-pipelines.yml
		CHANGELOG.md = CHANGELOG.md
		docker-compose.yml = docker-compose.yml
		global.json = global.json
		LICENSE = LICENSE
		nuget.config = nuget.config
		README.md = README.md
		Directory.Build.props = Directory.Build.props
		.prettierignore = .prettierignore
	EndProjectSection
EndProject
Global
	GlobalSection(SolutionConfigurationPlatforms) = preSolution
		Debug|Any CPU = Debug|Any CPU
		Debug|x64 = Debug|x64
		Debug|x86 = Debug|x86
		Release|Any CPU = Release|Any CPU
		Release|x64 = Release|x64
		Release|x86 = Release|x86
	EndGlobalSection
	GlobalSection(ProjectConfigurationPlatforms) = postSolution
		{0F658AD1-3154-4381-A1E0-5FBA70C36FC2}.Debug|Any CPU.ActiveCfg = Debug|Any CPU
		{0F658AD1-3154-4381-A1E0-5FBA70C36FC2}.Debug|Any CPU.Build.0 = Debug|Any CPU
		{0F658AD1-3154-4381-A1E0-5FBA70C36FC2}.Debug|x64.ActiveCfg = Debug|Any CPU
		{0F658AD1-3154-4381-A1E0-5FBA70C36FC2}.Debug|x64.Build.0 = Debug|Any CPU
		{0F658AD1-3154-4381-A1E0-5FBA70C36FC2}.Debug|x86.ActiveCfg = Debug|Any CPU
		{0F658AD1-3154-4381-A1E0-5FBA70C36FC2}.Debug|x86.Build.0 = Debug|Any CPU
		{0F658AD1-3154-4381-A1E0-5FBA70C36FC2}.Release|Any CPU.ActiveCfg = Release|Any CPU
		{0F658AD1-3154-4381-A1E0-5FBA70C36FC2}.Release|Any CPU.Build.0 = Release|Any CPU
		{0F658AD1-3154-4381-A1E0-5FBA70C36FC2}.Release|x64.ActiveCfg = Release|Any CPU
		{0F658AD1-3154-4381-A1E0-5FBA70C36FC2}.Release|x64.Build.0 = Release|Any CPU
		{0F658AD1-3154-4381-A1E0-5FBA70C36FC2}.Release|x86.ActiveCfg = Release|Any CPU
		{0F658AD1-3154-4381-A1E0-5FBA70C36FC2}.Release|x86.Build.0 = Release|Any CPU
		{5F335AB0-B7F8-4ABF-BCB1-45F94D77F5D3}.Debug|Any CPU.ActiveCfg = Debug|Any CPU
		{5F335AB0-B7F8-4ABF-BCB1-45F94D77F5D3}.Debug|Any CPU.Build.0 = Debug|Any CPU
		{5F335AB0-B7F8-4ABF-BCB1-45F94D77F5D3}.Debug|x64.ActiveCfg = Debug|Any CPU
		{5F335AB0-B7F8-4ABF-BCB1-45F94D77F5D3}.Debug|x64.Build.0 = Debug|Any CPU
		{5F335AB0-B7F8-4ABF-BCB1-45F94D77F5D3}.Debug|x86.ActiveCfg = Debug|Any CPU
		{5F335AB0-B7F8-4ABF-BCB1-45F94D77F5D3}.Debug|x86.Build.0 = Debug|Any CPU
		{5F335AB0-B7F8-4ABF-BCB1-45F94D77F5D3}.Release|Any CPU.ActiveCfg = Release|Any CPU
		{5F335AB0-B7F8-4ABF-BCB1-45F94D77F5D3}.Release|Any CPU.Build.0 = Release|Any CPU
		{5F335AB0-B7F8-4ABF-BCB1-45F94D77F5D3}.Release|x64.ActiveCfg = Release|Any CPU
		{5F335AB0-B7F8-4ABF-BCB1-45F94D77F5D3}.Release|x64.Build.0 = Release|Any CPU
		{5F335AB0-B7F8-4ABF-BCB1-45F94D77F5D3}.Release|x86.ActiveCfg = Release|Any CPU
		{5F335AB0-B7F8-4ABF-BCB1-45F94D77F5D3}.Release|x86.Build.0 = Release|Any CPU
		{98E6E94F-804D-4332-8324-4F4DF037DCD3}.Debug|Any CPU.ActiveCfg = Debug|Any CPU
		{98E6E94F-804D-4332-8324-4F4DF037DCD3}.Debug|Any CPU.Build.0 = Debug|Any CPU
		{98E6E94F-804D-4332-8324-4F4DF037DCD3}.Debug|x64.ActiveCfg = Debug|Any CPU
		{98E6E94F-804D-4332-8324-4F4DF037DCD3}.Debug|x64.Build.0 = Debug|Any CPU
		{98E6E94F-804D-4332-8324-4F4DF037DCD3}.Debug|x86.ActiveCfg = Debug|Any CPU
		{98E6E94F-804D-4332-8324-4F4DF037DCD3}.Debug|x86.Build.0 = Debug|Any CPU
		{98E6E94F-804D-4332-8324-4F4DF037DCD3}.Release|Any CPU.ActiveCfg = Release|Any CPU
		{98E6E94F-804D-4332-8324-4F4DF037DCD3}.Release|Any CPU.Build.0 = Release|Any CPU
		{98E6E94F-804D-4332-8324-4F4DF037DCD3}.Release|x64.ActiveCfg = Release|Any CPU
		{98E6E94F-804D-4332-8324-4F4DF037DCD3}.Release|x64.Build.0 = Release|Any CPU
		{98E6E94F-804D-4332-8324-4F4DF037DCD3}.Release|x86.ActiveCfg = Release|Any CPU
		{98E6E94F-804D-4332-8324-4F4DF037DCD3}.Release|x86.Build.0 = Release|Any CPU
		{EE3837B9-C6EB-4384-B9F9-C441232DBE15}.Debug|Any CPU.ActiveCfg = Debug|Any CPU
		{EE3837B9-C6EB-4384-B9F9-C441232DBE15}.Debug|Any CPU.Build.0 = Debug|Any CPU
		{EE3837B9-C6EB-4384-B9F9-C441232DBE15}.Debug|x64.ActiveCfg = Debug|Any CPU
		{EE3837B9-C6EB-4384-B9F9-C441232DBE15}.Debug|x64.Build.0 = Debug|Any CPU
		{EE3837B9-C6EB-4384-B9F9-C441232DBE15}.Debug|x86.ActiveCfg = Debug|Any CPU
		{EE3837B9-C6EB-4384-B9F9-C441232DBE15}.Debug|x86.Build.0 = Debug|Any CPU
		{EE3837B9-C6EB-4384-B9F9-C441232DBE15}.Release|Any CPU.ActiveCfg = Release|Any CPU
		{EE3837B9-C6EB-4384-B9F9-C441232DBE15}.Release|Any CPU.Build.0 = Release|Any CPU
		{EE3837B9-C6EB-4384-B9F9-C441232DBE15}.Release|x64.ActiveCfg = Release|Any CPU
		{EE3837B9-C6EB-4384-B9F9-C441232DBE15}.Release|x64.Build.0 = Release|Any CPU
		{EE3837B9-C6EB-4384-B9F9-C441232DBE15}.Release|x86.ActiveCfg = Release|Any CPU
		{EE3837B9-C6EB-4384-B9F9-C441232DBE15}.Release|x86.Build.0 = Release|Any CPU
		{CE9661D0-71FB-418B-9479-CF5C0D43DBE6}.Debug|Any CPU.ActiveCfg = Debug|Any CPU
		{CE9661D0-71FB-418B-9479-CF5C0D43DBE6}.Debug|Any CPU.Build.0 = Debug|Any CPU
		{CE9661D0-71FB-418B-9479-CF5C0D43DBE6}.Debug|x64.ActiveCfg = Debug|Any CPU
		{CE9661D0-71FB-418B-9479-CF5C0D43DBE6}.Debug|x64.Build.0 = Debug|Any CPU
		{CE9661D0-71FB-418B-9479-CF5C0D43DBE6}.Debug|x86.ActiveCfg = Debug|Any CPU
		{CE9661D0-71FB-418B-9479-CF5C0D43DBE6}.Debug|x86.Build.0 = Debug|Any CPU
		{CE9661D0-71FB-418B-9479-CF5C0D43DBE6}.Release|Any CPU.ActiveCfg = Release|Any CPU
		{CE9661D0-71FB-418B-9479-CF5C0D43DBE6}.Release|Any CPU.Build.0 = Release|Any CPU
		{CE9661D0-71FB-418B-9479-CF5C0D43DBE6}.Release|x64.ActiveCfg = Release|Any CPU
		{CE9661D0-71FB-418B-9479-CF5C0D43DBE6}.Release|x64.Build.0 = Release|Any CPU
		{CE9661D0-71FB-418B-9479-CF5C0D43DBE6}.Release|x86.ActiveCfg = Release|Any CPU
		{CE9661D0-71FB-418B-9479-CF5C0D43DBE6}.Release|x86.Build.0 = Release|Any CPU
		{5185498B-241B-49DA-BDA7-F08A2ACA4886}.Debug|Any CPU.ActiveCfg = Debug|Any CPU
		{5185498B-241B-49DA-BDA7-F08A2ACA4886}.Debug|Any CPU.Build.0 = Debug|Any CPU
		{5185498B-241B-49DA-BDA7-F08A2ACA4886}.Debug|x64.ActiveCfg = Debug|Any CPU
		{5185498B-241B-49DA-BDA7-F08A2ACA4886}.Debug|x64.Build.0 = Debug|Any CPU
		{5185498B-241B-49DA-BDA7-F08A2ACA4886}.Debug|x86.ActiveCfg = Debug|Any CPU
		{5185498B-241B-49DA-BDA7-F08A2ACA4886}.Debug|x86.Build.0 = Debug|Any CPU
		{5185498B-241B-49DA-BDA7-F08A2ACA4886}.Release|Any CPU.ActiveCfg = Release|Any CPU
		{5185498B-241B-49DA-BDA7-F08A2ACA4886}.Release|Any CPU.Build.0 = Release|Any CPU
		{5185498B-241B-49DA-BDA7-F08A2ACA4886}.Release|x64.ActiveCfg = Release|Any CPU
		{5185498B-241B-49DA-BDA7-F08A2ACA4886}.Release|x64.Build.0 = Release|Any CPU
		{5185498B-241B-49DA-BDA7-F08A2ACA4886}.Release|x86.ActiveCfg = Release|Any CPU
		{5185498B-241B-49DA-BDA7-F08A2ACA4886}.Release|x86.Build.0 = Release|Any CPU
		{95F75E96-7060-4612-A78F-C187D0B93331}.Debug|Any CPU.ActiveCfg = Debug|Any CPU
		{95F75E96-7060-4612-A78F-C187D0B93331}.Debug|Any CPU.Build.0 = Debug|Any CPU
		{95F75E96-7060-4612-A78F-C187D0B93331}.Debug|x64.ActiveCfg = Debug|Any CPU
		{95F75E96-7060-4612-A78F-C187D0B93331}.Debug|x64.Build.0 = Debug|Any CPU
		{95F75E96-7060-4612-A78F-C187D0B93331}.Debug|x86.ActiveCfg = Debug|Any CPU
		{95F75E96-7060-4612-A78F-C187D0B93331}.Debug|x86.Build.0 = Debug|Any CPU
		{95F75E96-7060-4612-A78F-C187D0B93331}.Release|Any CPU.ActiveCfg = Release|Any CPU
		{95F75E96-7060-4612-A78F-C187D0B93331}.Release|Any CPU.Build.0 = Release|Any CPU
		{95F75E96-7060-4612-A78F-C187D0B93331}.Release|x64.ActiveCfg = Release|Any CPU
		{95F75E96-7060-4612-A78F-C187D0B93331}.Release|x64.Build.0 = Release|Any CPU
		{95F75E96-7060-4612-A78F-C187D0B93331}.Release|x86.ActiveCfg = Release|Any CPU
		{95F75E96-7060-4612-A78F-C187D0B93331}.Release|x86.Build.0 = Release|Any CPU
	EndGlobalSection
	GlobalSection(SolutionProperties) = preSolution
		HideSolutionNode = FALSE
	EndGlobalSection
	GlobalSection(NestedProjects) = preSolution
		{0F658AD1-3154-4381-A1E0-5FBA70C36FC2} = {6EE5F03A-7E37-48DB-95BA-3C42942B69AF}
		{5F335AB0-B7F8-4ABF-BCB1-45F94D77F5D3} = {6EE5F03A-7E37-48DB-95BA-3C42942B69AF}
		{98E6E94F-804D-4332-8324-4F4DF037DCD3} = {6EE5F03A-7E37-48DB-95BA-3C42942B69AF}
		{EE3837B9-C6EB-4384-B9F9-C441232DBE15} = {6EE5F03A-7E37-48DB-95BA-3C42942B69AF}
		{CE9661D0-71FB-418B-9479-CF5C0D43DBE6} = {6505DBE7-AC3B-4575-BCDC-C34F09D9373B}
		{5185498B-241B-49DA-BDA7-F08A2ACA4886} = {6505DBE7-AC3B-4575-BCDC-C34F09D9373B}
		{95F75E96-7060-4612-A78F-C187D0B93331} = {6505DBE7-AC3B-4575-BCDC-C34F09D9373B}
	EndGlobalSection
	GlobalSection(ExtensibilityGlobals) = postSolution
		SolutionGuid = {0941E413-A73D-485D-8EDE-03CE0C6967E1}
	EndGlobalSection
EndGlobal
