
Microsoft Visual Studio Solution File, Format Version 12.00
# Visual Studio Version 17
VisualStudioVersion = 17.1.32421.90
MinimumVisualStudioVersion = 15.0.26124.0
Project("{2150E333-8FDC-42A3-9474-1A3956D46DE8}") = "accounts-api", "accounts-api", "{51331007-CACA-4676-934B-217999A6B1E2}"
EndProject
Project("{2150E333-8FDC-42A3-9474-1A3956D46DE8}") = "src", "src", "{F4408BAF-2D26-4D97-808C-7A96C4A7F636}"
EndProject
Project("{2150E333-8FDC-42A3-9474-1A3956D46DE8}") = "test", "test", "{54ECA5D5-FCB9-4427-98A1-6915E0C2C71B}"
EndProject
Project("{9A19103F-16F7-4668-BE54-9A1E7A4F7556}") = "Application", "accounts-api\src\Application\Application.csproj", "{80E73E2B-3507-4160-BF51-5B1BD3F94E4B}"
EndProject
Project("{9A19103F-16F7-4668-BE54-9A1E7A4F7556}") = "WebApi", "accounts-api\src\WebApi\WebApi.csproj", "{5286EDF8-AE3D-4E7B-89B3-3AA1CE86C082}"
EndProject
Project("{9A19103F-16F7-4668-BE54-9A1E7A4F7556}") = "Infrastructure", "accounts-api\src\Infrastructure\Infrastructure.csproj", "{C38A01E0-F1C3-40C5-A8A8-5B3ECD5F59AB}"
EndProject
Project("{9A19103F-16F7-4668-BE54-9A1E7A4F7556}") = "ComponentTests", "accounts-api\test\ComponentTests\ComponentTests.csproj", "{5900EBD8-D50B-4F1E-B326-3C13298C7B73}"
EndProject
Project("{9A19103F-16F7-4668-BE54-9A1E7A4F7556}") = "EndToEndTests", "accounts-api\test\EndToEndTests\EndToEndTests.csproj", "{82A0002A-969A-450B-BD42-C3065BD69649}"
EndProject
Project("{9A19103F-16F7-4668-BE54-9A1E7A4F7556}") = "IntegrationTests", "accounts-api\test\IntegrationTests\IntegrationTests.csproj", "{48BBEC7F-651B-4EF2-94E4-E8FFAC3D8E7B}"
EndProject
Project("{9A19103F-16F7-4668-BE54-9A1E7A4F7556}") = "UnitTests", "accounts-api\test\UnitTests\UnitTests.csproj", "{BF05183E-699A-43A8-A5F3-1DB71B0F38B0}"
EndProject
Project("{2150E333-8FDC-42A3-9474-1A3956D46DE8}") = ".vscode", ".vscode", "{02D548DA-5DE0-486E-A5D5-9BEDFFC0CA2A}"
	ProjectSection(SolutionItems) = preProject
		accounts-api\.vscode\launch.json = accounts-api\.vscode\launch.json
		accounts-api\.vscode\settings.json = accounts-api\.vscode\settings.json
		accounts-api\.vscode\tasks.json = accounts-api\.vscode\tasks.json
	EndProjectSection
EndProject
Project("{9A19103F-16F7-4668-BE54-9A1E7A4F7556}") = "Domain", "accounts-api\src\Domain\Domain.csproj", "{0925FCA6-083A-4478-80F3-2391987AAF2C}"
EndProject
Project("{2150E333-8FDC-42A3-9474-1A3956D46DE8}") = "Solution Items", "Solution Items", "{3A9E410D-D37D-469C-BAE3-153943AE70FF}"
	ProjectSection(SolutionItems) = preProject
		.all-contributorsrc = .all-contributorsrc
		.editorconfig = .editorconfig
		.gitignore = .gitignore
		CHANGELOG.md = CHANGELOG.md
		FUNDING.yml = FUNDING.yml
		LICENSE = LICENSE
		README.md = README.md
	EndProjectSection
EndProject
Project("{2150E333-8FDC-42A3-9474-1A3956D46DE8}") = "wallett-spa", "wallett-spa", "{E578FEEE-CF6A-4017-97F1-E5A9B0D2F398}"
	ProjectSection(SolutionItems) = preProject
		wallet-spa\.env.development = wallet-spa\.env.development
		wallet-spa\.env.docker = wallet-spa\.env.docker
		wallet-spa\.env.localhost = wallet-spa\.env.localhost
		wallet-spa\.gitignore = wallet-spa\.gitignore
		wallet-spa\Dockerfile = wallet-spa\Dockerfile
		wallet-spa\vs.debug.env = wallet-spa\vs.debug.env
	EndProjectSection
EndProject
Global
	GlobalSection(SolutionConfigurationPlatforms) = preSolution
		Debug|Any CPU = Debug|Any CPU
		Release|Any CPU = Release|Any CPU
	EndGlobalSection
	GlobalSection(ProjectConfigurationPlatforms) = postSolution
		{80E73E2B-3507-4160-BF51-5B1BD3F94E4B}.Debug|Any CPU.ActiveCfg = Debug|Any CPU
		{80E73E2B-3507-4160-BF51-5B1BD3F94E4B}.Debug|Any CPU.Build.0 = Debug|Any CPU
		{80E73E2B-3507-4160-BF51-5B1BD3F94E4B}.Release|Any CPU.ActiveCfg = Release|Any CPU
		{80E73E2B-3507-4160-BF51-5B1BD3F94E4B}.Release|Any CPU.Build.0 = Release|Any CPU
		{5286EDF8-AE3D-4E7B-89B3-3AA1CE86C082}.Debug|Any CPU.ActiveCfg = Debug|Any CPU
		{5286EDF8-AE3D-4E7B-89B3-3AA1CE86C082}.Debug|Any CPU.Build.0 = Debug|Any CPU
		{5286EDF8-AE3D-4E7B-89B3-3AA1CE86C082}.Release|Any CPU.ActiveCfg = Release|Any CPU
		{5286EDF8-AE3D-4E7B-89B3-3AA1CE86C082}.Release|Any CPU.Build.0 = Release|Any CPU
		{C38A01E0-F1C3-40C5-A8A8-5B3ECD5F59AB}.Debug|Any CPU.ActiveCfg = Debug|Any CPU
		{C38A01E0-F1C3-40C5-A8A8-5B3ECD5F59AB}.Debug|Any CPU.Build.0 = Debug|Any CPU
		{C38A01E0-F1C3-40C5-A8A8-5B3ECD5F59AB}.Release|Any CPU.ActiveCfg = Release|Any CPU
		{C38A01E0-F1C3-40C5-A8A8-5B3ECD5F59AB}.Release|Any CPU.Build.0 = Release|Any CPU
		{5900EBD8-D50B-4F1E-B326-3C13298C7B73}.Debug|Any CPU.ActiveCfg = Debug|Any CPU
		{5900EBD8-D50B-4F1E-B326-3C13298C7B73}.Debug|Any CPU.Build.0 = Debug|Any CPU
		{5900EBD8-D50B-4F1E-B326-3C13298C7B73}.Release|Any CPU.ActiveCfg = Release|Any CPU
		{5900EBD8-D50B-4F1E-B326-3C13298C7B73}.Release|Any CPU.Build.0 = Release|Any CPU
		{82A0002A-969A-450B-BD42-C3065BD69649}.Debug|Any CPU.ActiveCfg = Debug|Any CPU
		{82A0002A-969A-450B-BD42-C3065BD69649}.Debug|Any CPU.Build.0 = Debug|Any CPU
		{82A0002A-969A-450B-BD42-C3065BD69649}.Release|Any CPU.ActiveCfg = Release|Any CPU
		{82A0002A-969A-450B-BD42-C3065BD69649}.Release|Any CPU.Build.0 = Release|Any CPU
		{48BBEC7F-651B-4EF2-94E4-E8FFAC3D8E7B}.Debug|Any CPU.ActiveCfg = Debug|Any CPU
		{48BBEC7F-651B-4EF2-94E4-E8FFAC3D8E7B}.Debug|Any CPU.Build.0 = Debug|Any CPU
		{48BBEC7F-651B-4EF2-94E4-E8FFAC3D8E7B}.Release|Any CPU.ActiveCfg = Release|Any CPU
		{48BBEC7F-651B-4EF2-94E4-E8FFAC3D8E7B}.Release|Any CPU.Build.0 = Release|Any CPU
		{BF05183E-699A-43A8-A5F3-1DB71B0F38B0}.Debug|Any CPU.ActiveCfg = Debug|Any CPU
		{BF05183E-699A-43A8-A5F3-1DB71B0F38B0}.Debug|Any CPU.Build.0 = Debug|Any CPU
		{BF05183E-699A-43A8-A5F3-1DB71B0F38B0}.Release|Any CPU.ActiveCfg = Release|Any CPU
		{BF05183E-699A-43A8-A5F3-1DB71B0F38B0}.Release|Any CPU.Build.0 = Release|Any CPU
		{0925FCA6-083A-4478-80F3-2391987AAF2C}.Debug|Any CPU.ActiveCfg = Debug|Any CPU
		{0925FCA6-083A-4478-80F3-2391987AAF2C}.Debug|Any CPU.Build.0 = Debug|Any CPU
		{0925FCA6-083A-4478-80F3-2391987AAF2C}.Release|Any CPU.ActiveCfg = Release|Any CPU
		{0925FCA6-083A-4478-80F3-2391987AAF2C}.Release|Any CPU.Build.0 = Release|Any CPU
	EndGlobalSection
	GlobalSection(SolutionProperties) = preSolution
		HideSolutionNode = FALSE
	EndGlobalSection
	GlobalSection(NestedProjects) = preSolution
		{F4408BAF-2D26-4D97-808C-7A96C4A7F636} = {51331007-CACA-4676-934B-217999A6B1E2}
		{54ECA5D5-FCB9-4427-98A1-6915E0C2C71B} = {51331007-CACA-4676-934B-217999A6B1E2}
		{80E73E2B-3507-4160-BF51-5B1BD3F94E4B} = {F4408BAF-2D26-4D97-808C-7A96C4A7F636}
		{5286EDF8-AE3D-4E7B-89B3-3AA1CE86C082} = {F4408BAF-2D26-4D97-808C-7A96C4A7F636}
		{C38A01E0-F1C3-40C5-A8A8-5B3ECD5F59AB} = {F4408BAF-2D26-4D97-808C-7A96C4A7F636}
		{5900EBD8-D50B-4F1E-B326-3C13298C7B73} = {54ECA5D5-FCB9-4427-98A1-6915E0C2C71B}
		{82A0002A-969A-450B-BD42-C3065BD69649} = {54ECA5D5-FCB9-4427-98A1-6915E0C2C71B}
		{48BBEC7F-651B-4EF2-94E4-E8FFAC3D8E7B} = {54ECA5D5-FCB9-4427-98A1-6915E0C2C71B}
		{BF05183E-699A-43A8-A5F3-1DB71B0F38B0} = {54ECA5D5-FCB9-4427-98A1-6915E0C2C71B}
		{02D548DA-5DE0-486E-A5D5-9BEDFFC0CA2A} = {51331007-CACA-4676-934B-217999A6B1E2}
		{0925FCA6-083A-4478-80F3-2391987AAF2C} = {F4408BAF-2D26-4D97-808C-7A96C4A7F636}
	EndGlobalSection
	GlobalSection(ExtensibilityGlobals) = postSolution
		SolutionGuid = {0941E413-A73D-485D-8EDE-03CE0C6967E1}
	EndGlobalSection
EndGlobal
