Microsoft Visual Studio Solution File, Format Version 12.00
# Visual Studio 15
VisualStudioVersion = 15.0.27130.2027
MinimumVisualStudioVersion = 10.0.40219.1
Project("{9A19103F-16F7-4668-BE54-9A1E7A4F7556}") = "Manga.Application", "src\Manga.Application\Manga.Application.csproj", "{B1CD5B0C-262E-4BD4-AF18-8CD069670600}"
EndProject
Project("{9A19103F-16F7-4668-BE54-9A1E7A4F7556}") = "Manga.Domain", "src\Manga.Domain\Manga.Domain.csproj", "{27212694-F304-4363-A458-B6A6DA8088A0}"
EndProject
Project("{9A19103F-16F7-4668-BE54-9A1E7A4F7556}") = "Manga.Infrastructure", "src\Manga.Infrastructure\Manga.Infrastructure.csproj", "{EA133520-75E9-473F-9C8B-AEB6D6859716}"
EndProject
Project("{9A19103F-16F7-4668-BE54-9A1E7A4F7556}") = "Manga.WebApi", "src\Manga.WebApi\Manga.WebApi.csproj", "{E02BDC78-9EEA-465E-9FF9-27FE88590E24}"
EndProject
Project("{2150E333-8FDC-42A3-9474-1A3956D46DE8}") = "Tests", "Tests", "{2F0DE466-FC19-4764-9337-4890F21269BE}"
EndProject
Project("{9A19103F-16F7-4668-BE54-9A1E7A4F7556}") = "Manga.Domain.Tests", "test\Manga.Domain.Tests\Manga.Domain.Tests.csproj", "{0B8CF4EA-D250-488C-B8D5-1D678A881FF4}"
EndProject
Project("{9A19103F-16F7-4668-BE54-9A1E7A4F7556}") = "Manga.UseCases.Tests", "test\Manga.UseCases.Tests\Manga.UseCases.Tests.csproj", "{5DD83518-B0FC-4014-B2C0-D8A7EA132B8D}"
EndProject
Project("{9A19103F-16F7-4668-BE54-9A1E7A4F7556}") = "Manga.WebApi.Tests", "test\Manga.WebApi.Tests\Manga.WebApi.Tests.csproj", "{A98C96C8-EE41-43FD-933B-C86F75B639D5}"
EndProject
Global
	GlobalSection(SolutionConfigurationPlatforms) = preSolution
		Debug|Any CPU = Debug|Any CPU
		Debug|x64 = Debug|x64
		Debug|x86 = Debug|x86
		Release|Any CPU = Release|Any CPU
		Release|x64 = Release|x64
		Release|x86 = Release|x86
	EndGlobalSection
	GlobalSection(ProjectConfigurationPlatforms) = postSolution
		{B1CD5B0C-262E-4BD4-AF18-8CD069670600}.Debug|Any CPU.ActiveCfg = Debug|Any CPU
		{B1CD5B0C-262E-4BD4-AF18-8CD069670600}.Debug|Any CPU.Build.0 = Debug|Any CPU
		{B1CD5B0C-262E-4BD4-AF18-8CD069670600}.Debug|x64.ActiveCfg = Debug|Any CPU
		{B1CD5B0C-262E-4BD4-AF18-8CD069670600}.Debug|x64.Build.0 = Debug|Any CPU
		{B1CD5B0C-262E-4BD4-AF18-8CD069670600}.Debug|x86.ActiveCfg = Debug|Any CPU
		{B1CD5B0C-262E-4BD4-AF18-8CD069670600}.Debug|x86.Build.0 = Debug|Any CPU
		{B1CD5B0C-262E-4BD4-AF18-8CD069670600}.Release|Any CPU.ActiveCfg = Release|Any CPU
		{B1CD5B0C-262E-4BD4-AF18-8CD069670600}.Release|Any CPU.Build.0 = Release|Any CPU
		{B1CD5B0C-262E-4BD4-AF18-8CD069670600}.Release|x64.ActiveCfg = Release|Any CPU
		{B1CD5B0C-262E-4BD4-AF18-8CD069670600}.Release|x64.Build.0 = Release|Any CPU
		{B1CD5B0C-262E-4BD4-AF18-8CD069670600}.Release|x86.ActiveCfg = Release|Any CPU
		{B1CD5B0C-262E-4BD4-AF18-8CD069670600}.Release|x86.Build.0 = Release|Any CPU
		{27212694-F304-4363-A458-B6A6DA8088A0}.Debug|Any CPU.ActiveCfg = Debug|Any CPU
		{27212694-F304-4363-A458-B6A6DA8088A0}.Debug|Any CPU.Build.0 = Debug|Any CPU
		{27212694-F304-4363-A458-B6A6DA8088A0}.Debug|x64.ActiveCfg = Debug|Any CPU
		{27212694-F304-4363-A458-B6A6DA8088A0}.Debug|x64.Build.0 = Debug|Any CPU
		{27212694-F304-4363-A458-B6A6DA8088A0}.Debug|x86.ActiveCfg = Debug|Any CPU
		{27212694-F304-4363-A458-B6A6DA8088A0}.Debug|x86.Build.0 = Debug|Any CPU
		{27212694-F304-4363-A458-B6A6DA8088A0}.Release|Any CPU.ActiveCfg = Release|Any CPU
		{27212694-F304-4363-A458-B6A6DA8088A0}.Release|Any CPU.Build.0 = Release|Any CPU
		{27212694-F304-4363-A458-B6A6DA8088A0}.Release|x64.ActiveCfg = Release|Any CPU
		{27212694-F304-4363-A458-B6A6DA8088A0}.Release|x64.Build.0 = Release|Any CPU
		{27212694-F304-4363-A458-B6A6DA8088A0}.Release|x86.ActiveCfg = Release|Any CPU
		{27212694-F304-4363-A458-B6A6DA8088A0}.Release|x86.Build.0 = Release|Any CPU
		{EA133520-75E9-473F-9C8B-AEB6D6859716}.Debug|Any CPU.ActiveCfg = Debug|Any CPU
		{EA133520-75E9-473F-9C8B-AEB6D6859716}.Debug|Any CPU.Build.0 = Debug|Any CPU
		{EA133520-75E9-473F-9C8B-AEB6D6859716}.Debug|x64.ActiveCfg = Debug|Any CPU
		{EA133520-75E9-473F-9C8B-AEB6D6859716}.Debug|x64.Build.0 = Debug|Any CPU
		{EA133520-75E9-473F-9C8B-AEB6D6859716}.Debug|x86.ActiveCfg = Debug|Any CPU
		{EA133520-75E9-473F-9C8B-AEB6D6859716}.Debug|x86.Build.0 = Debug|Any CPU
		{EA133520-75E9-473F-9C8B-AEB6D6859716}.Release|Any CPU.ActiveCfg = Release|Any CPU
		{EA133520-75E9-473F-9C8B-AEB6D6859716}.Release|Any CPU.Build.0 = Release|Any CPU
		{EA133520-75E9-473F-9C8B-AEB6D6859716}.Release|x64.ActiveCfg = Release|Any CPU
		{EA133520-75E9-473F-9C8B-AEB6D6859716}.Release|x64.Build.0 = Release|Any CPU
		{EA133520-75E9-473F-9C8B-AEB6D6859716}.Release|x86.ActiveCfg = Release|Any CPU
		{EA133520-75E9-473F-9C8B-AEB6D6859716}.Release|x86.Build.0 = Release|Any CPU
		{E02BDC78-9EEA-465E-9FF9-27FE88590E24}.Debug|Any CPU.ActiveCfg = Debug|Any CPU
		{E02BDC78-9EEA-465E-9FF9-27FE88590E24}.Debug|Any CPU.Build.0 = Debug|Any CPU
		{E02BDC78-9EEA-465E-9FF9-27FE88590E24}.Debug|x64.ActiveCfg = Debug|Any CPU
		{E02BDC78-9EEA-465E-9FF9-27FE88590E24}.Debug|x64.Build.0 = Debug|Any CPU
		{E02BDC78-9EEA-465E-9FF9-27FE88590E24}.Debug|x86.ActiveCfg = Debug|Any CPU
		{E02BDC78-9EEA-465E-9FF9-27FE88590E24}.Debug|x86.Build.0 = Debug|Any CPU
		{E02BDC78-9EEA-465E-9FF9-27FE88590E24}.Release|Any CPU.ActiveCfg = Release|Any CPU
		{E02BDC78-9EEA-465E-9FF9-27FE88590E24}.Release|Any CPU.Build.0 = Release|Any CPU
		{E02BDC78-9EEA-465E-9FF9-27FE88590E24}.Release|x64.ActiveCfg = Release|Any CPU
		{E02BDC78-9EEA-465E-9FF9-27FE88590E24}.Release|x64.Build.0 = Release|Any CPU
		{E02BDC78-9EEA-465E-9FF9-27FE88590E24}.Release|x86.ActiveCfg = Release|Any CPU
		{E02BDC78-9EEA-465E-9FF9-27FE88590E24}.Release|x86.Build.0 = Release|Any CPU
		{0B8CF4EA-D250-488C-B8D5-1D678A881FF4}.Debug|Any CPU.ActiveCfg = Debug|Any CPU
		{0B8CF4EA-D250-488C-B8D5-1D678A881FF4}.Debug|Any CPU.Build.0 = Debug|Any CPU
		{0B8CF4EA-D250-488C-B8D5-1D678A881FF4}.Debug|x64.ActiveCfg = Debug|Any CPU
		{0B8CF4EA-D250-488C-B8D5-1D678A881FF4}.Debug|x64.Build.0 = Debug|Any CPU
		{0B8CF4EA-D250-488C-B8D5-1D678A881FF4}.Debug|x86.ActiveCfg = Debug|Any CPU
		{0B8CF4EA-D250-488C-B8D5-1D678A881FF4}.Debug|x86.Build.0 = Debug|Any CPU
		{0B8CF4EA-D250-488C-B8D5-1D678A881FF4}.Release|Any CPU.ActiveCfg = Release|Any CPU
		{0B8CF4EA-D250-488C-B8D5-1D678A881FF4}.Release|Any CPU.Build.0 = Release|Any CPU
		{0B8CF4EA-D250-488C-B8D5-1D678A881FF4}.Release|x64.ActiveCfg = Release|Any CPU
		{0B8CF4EA-D250-488C-B8D5-1D678A881FF4}.Release|x64.Build.0 = Release|Any CPU
		{0B8CF4EA-D250-488C-B8D5-1D678A881FF4}.Release|x86.ActiveCfg = Release|Any CPU
		{0B8CF4EA-D250-488C-B8D5-1D678A881FF4}.Release|x86.Build.0 = Release|Any CPU
		{5DD83518-B0FC-4014-B2C0-D8A7EA132B8D}.Debug|Any CPU.ActiveCfg = Debug|Any CPU
		{5DD83518-B0FC-4014-B2C0-D8A7EA132B8D}.Debug|Any CPU.Build.0 = Debug|Any CPU
		{5DD83518-B0FC-4014-B2C0-D8A7EA132B8D}.Debug|x64.ActiveCfg = Debug|Any CPU
		{5DD83518-B0FC-4014-B2C0-D8A7EA132B8D}.Debug|x64.Build.0 = Debug|Any CPU
		{5DD83518-B0FC-4014-B2C0-D8A7EA132B8D}.Debug|x86.ActiveCfg = Debug|Any CPU
		{5DD83518-B0FC-4014-B2C0-D8A7EA132B8D}.Debug|x86.Build.0 = Debug|Any CPU
		{5DD83518-B0FC-4014-B2C0-D8A7EA132B8D}.Release|Any CPU.ActiveCfg = Release|Any CPU
		{5DD83518-B0FC-4014-B2C0-D8A7EA132B8D}.Release|Any CPU.Build.0 = Release|Any CPU
		{5DD83518-B0FC-4014-B2C0-D8A7EA132B8D}.Release|x64.ActiveCfg = Release|Any CPU
		{5DD83518-B0FC-4014-B2C0-D8A7EA132B8D}.Release|x64.Build.0 = Release|Any CPU
		{5DD83518-B0FC-4014-B2C0-D8A7EA132B8D}.Release|x86.ActiveCfg = Release|Any CPU
		{5DD83518-B0FC-4014-B2C0-D8A7EA132B8D}.Release|x86.Build.0 = Release|Any CPU
		{A98C96C8-EE41-43FD-933B-C86F75B639D5}.Debug|Any CPU.ActiveCfg = Debug|Any CPU
		{A98C96C8-EE41-43FD-933B-C86F75B639D5}.Debug|Any CPU.Build.0 = Debug|Any CPU
		{A98C96C8-EE41-43FD-933B-C86F75B639D5}.Debug|x64.ActiveCfg = Debug|Any CPU
		{A98C96C8-EE41-43FD-933B-C86F75B639D5}.Debug|x64.Build.0 = Debug|Any CPU
		{A98C96C8-EE41-43FD-933B-C86F75B639D5}.Debug|x86.ActiveCfg = Debug|Any CPU
		{A98C96C8-EE41-43FD-933B-C86F75B639D5}.Debug|x86.Build.0 = Debug|Any CPU
		{A98C96C8-EE41-43FD-933B-C86F75B639D5}.Release|Any CPU.ActiveCfg = Release|Any CPU
		{A98C96C8-EE41-43FD-933B-C86F75B639D5}.Release|Any CPU.Build.0 = Release|Any CPU
		{A98C96C8-EE41-43FD-933B-C86F75B639D5}.Release|x64.ActiveCfg = Release|Any CPU
		{A98C96C8-EE41-43FD-933B-C86F75B639D5}.Release|x64.Build.0 = Release|Any CPU
		{A98C96C8-EE41-43FD-933B-C86F75B639D5}.Release|x86.ActiveCfg = Release|Any CPU
		{A98C96C8-EE41-43FD-933B-C86F75B639D5}.Release|x86.Build.0 = Release|Any CPU
	EndGlobalSection
	GlobalSection(SolutionProperties) = preSolution
		HideSolutionNode = FALSE
	EndGlobalSection
	GlobalSection(NestedProjects) = preSolution
		{0B8CF4EA-D250-488C-B8D5-1D678A881FF4} = {2F0DE466-FC19-4764-9337-4890F21269BE}
		{5DD83518-B0FC-4014-B2C0-D8A7EA132B8D} = {2F0DE466-FC19-4764-9337-4890F21269BE}
		{A98C96C8-EE41-43FD-933B-C86F75B639D5} = {2F0DE466-FC19-4764-9337-4890F21269BE}
	EndGlobalSection
	GlobalSection(ExtensibilityGlobals) = postSolution
		SolutionGuid = {0994A11A-29D3-49D4-933C-793CD91A411C}
	EndGlobalSection
EndGlobal
