{
  "version": 3,
  "targets": {
    ".NETCoreApp,Version=v3.1": {
      "dotnet-format/3.2.107702": {
        "type": "package"
      }
    },
    ".NETCoreApp,Version=v3.1/any": {
      "dotnet-format/3.2.107702": {
        "type": "package",
        "tools": {
          "tools/netcoreapp2.1/any/DotnetToolSettings.xml": {},
          "tools/netcoreapp2.1/any/Microsoft.Build.Locator.dll": {},
          "tools/netcoreapp2.1/any/Microsoft.CodeAnalysis.CSharp.Workspaces.dll": {},
          "tools/netcoreapp2.1/any/Microsoft.CodeAnalysis.CSharp.dll": {},
          "tools/netcoreapp2.1/any/Microsoft.CodeAnalysis.VisualBasic.Workspaces.dll": {},
          "tools/netcoreapp2.1/any/Microsoft.CodeAnalysis.VisualBasic.dll": {},
          "tools/netcoreapp2.1/any/Microsoft.CodeAnalysis.Workspaces.MSBuild.dll": {},
          "tools/netcoreapp2.1/any/Microsoft.CodeAnalysis.Workspaces.dll": {},
          "tools/netcoreapp2.1/any/Microsoft.CodeAnalysis.dll": {},
          "tools/netcoreapp2.1/any/Microsoft.Extensions.Configuration.Abstractions.dll": {},
          "tools/netcoreapp2.1/any/Microsoft.Extensions.Configuration.Binder.dll": {},
          "tools/netcoreapp2.1/any/Microsoft.Extensions.Configuration.dll": {},
          "tools/netcoreapp2.1/any/Microsoft.Extensions.DependencyInjection.Abstractions.dll": {},
          "tools/netcoreapp2.1/any/Microsoft.Extensions.DependencyInjection.dll": {},
          "tools/netcoreapp2.1/any/Microsoft.Extensions.Logging.Abstractions.dll": {},
          "tools/netcoreapp2.1/any/Microsoft.Extensions.Logging.dll": {},
          "tools/netcoreapp2.1/any/Microsoft.Extensions.Options.dll": {},
          "tools/netcoreapp2.1/any/Microsoft.Extensions.Primitives.dll": {},
          "tools/netcoreapp2.1/any/Microsoft.VisualStudio.CodingConventions.dll": {},
          "tools/netcoreapp2.1/any/System.CommandLine.Rendering.dll": {},
          "tools/netcoreapp2.1/any/System.CommandLine.dll": {},
          "tools/netcoreapp2.1/any/System.Composition.AttributedModel.dll": {},
          "tools/netcoreapp2.1/any/System.Composition.Convention.dll": {},
          "tools/netcoreapp2.1/any/System.Composition.Hosting.dll": {},
          "tools/netcoreapp2.1/any/System.Composition.Runtime.dll": {},
          "tools/netcoreapp2.1/any/System.Composition.TypedParts.dll": {},
          "tools/netcoreapp2.1/any/System.Runtime.CompilerServices.Unsafe.dll": {},
          "tools/netcoreapp2.1/any/System.ServiceModel.dll": {},
          "tools/netcoreapp2.1/any/System.Text.Encoding.CodePages.dll": {},
          "tools/netcoreapp2.1/any/cs/Microsoft.CodeAnalysis.CSharp.Workspaces.resources.dll": {},
          "tools/netcoreapp2.1/any/cs/Microsoft.CodeAnalysis.CSharp.resources.dll": {},
          "tools/netcoreapp2.1/any/cs/Microsoft.CodeAnalysis.VisualBasic.Workspaces.resources.dll": {},
          "tools/netcoreapp2.1/any/cs/Microsoft.CodeAnalysis.VisualBasic.resources.dll": {},
          "tools/netcoreapp2.1/any/cs/Microsoft.CodeAnalysis.Workspaces.MSBuild.resources.dll": {},
          "tools/netcoreapp2.1/any/cs/Microsoft.CodeAnalysis.Workspaces.resources.dll": {},
          "tools/netcoreapp2.1/any/cs/Microsoft.CodeAnalysis.resources.dll": {},
          "tools/netcoreapp2.1/any/cs/dotnet-format.resources.dll": {},
          "tools/netcoreapp2.1/any/de/Microsoft.CodeAnalysis.CSharp.Workspaces.resources.dll": {},
          "tools/netcoreapp2.1/any/de/Microsoft.CodeAnalysis.CSharp.resources.dll": {},
          "tools/netcoreapp2.1/any/de/Microsoft.CodeAnalysis.VisualBasic.Workspaces.resources.dll": {},
          "tools/netcoreapp2.1/any/de/Microsoft.CodeAnalysis.VisualBasic.resources.dll": {},
          "tools/netcoreapp2.1/any/de/Microsoft.CodeAnalysis.Workspaces.MSBuild.resources.dll": {},
          "tools/netcoreapp2.1/any/de/Microsoft.CodeAnalysis.Workspaces.resources.dll": {},
          "tools/netcoreapp2.1/any/de/Microsoft.CodeAnalysis.resources.dll": {},
          "tools/netcoreapp2.1/any/de/dotnet-format.resources.dll": {},
          "tools/netcoreapp2.1/any/dotnet-format.deps.json": {},
          "tools/netcoreapp2.1/any/dotnet-format.dll": {},
          "tools/netcoreapp2.1/any/dotnet-format.dll.config": {},
          "tools/netcoreapp2.1/any/dotnet-format.pdb": {},
          "tools/netcoreapp2.1/any/dotnet-format.runtimeconfig.json": {},
          "tools/netcoreapp2.1/any/es/Microsoft.CodeAnalysis.CSharp.Workspaces.resources.dll": {},
          "tools/netcoreapp2.1/any/es/Microsoft.CodeAnalysis.CSharp.resources.dll": {},
          "tools/netcoreapp2.1/any/es/Microsoft.CodeAnalysis.VisualBasic.Workspaces.resources.dll": {},
          "tools/netcoreapp2.1/any/es/Microsoft.CodeAnalysis.VisualBasic.resources.dll": {},
          "tools/netcoreapp2.1/any/es/Microsoft.CodeAnalysis.Workspaces.MSBuild.resources.dll": {},
          "tools/netcoreapp2.1/any/es/Microsoft.CodeAnalysis.Workspaces.resources.dll": {},
          "tools/netcoreapp2.1/any/es/Microsoft.CodeAnalysis.resources.dll": {},
          "tools/netcoreapp2.1/any/es/dotnet-format.resources.dll": {},
          "tools/netcoreapp2.1/any/fr/Microsoft.CodeAnalysis.CSharp.Workspaces.resources.dll": {},
          "tools/netcoreapp2.1/any/fr/Microsoft.CodeAnalysis.CSharp.resources.dll": {},
          "tools/netcoreapp2.1/any/fr/Microsoft.CodeAnalysis.VisualBasic.Workspaces.resources.dll": {},
          "tools/netcoreapp2.1/any/fr/Microsoft.CodeAnalysis.VisualBasic.resources.dll": {},
          "tools/netcoreapp2.1/any/fr/Microsoft.CodeAnalysis.Workspaces.MSBuild.resources.dll": {},
          "tools/netcoreapp2.1/any/fr/Microsoft.CodeAnalysis.Workspaces.resources.dll": {},
          "tools/netcoreapp2.1/any/fr/Microsoft.CodeAnalysis.resources.dll": {},
          "tools/netcoreapp2.1/any/fr/dotnet-format.resources.dll": {},
          "tools/netcoreapp2.1/any/it/Microsoft.CodeAnalysis.CSharp.Workspaces.resources.dll": {},
          "tools/netcoreapp2.1/any/it/Microsoft.CodeAnalysis.CSharp.resources.dll": {},
          "tools/netcoreapp2.1/any/it/Microsoft.CodeAnalysis.VisualBasic.Workspaces.resources.dll": {},
          "tools/netcoreapp2.1/any/it/Microsoft.CodeAnalysis.VisualBasic.resources.dll": {},
          "tools/netcoreapp2.1/any/it/Microsoft.CodeAnalysis.Workspaces.MSBuild.resources.dll": {},
          "tools/netcoreapp2.1/any/it/Microsoft.CodeAnalysis.Workspaces.resources.dll": {},
          "tools/netcoreapp2.1/any/it/Microsoft.CodeAnalysis.resources.dll": {},
          "tools/netcoreapp2.1/any/it/dotnet-format.resources.dll": {},
          "tools/netcoreapp2.1/any/ja/Microsoft.CodeAnalysis.CSharp.Workspaces.resources.dll": {},
          "tools/netcoreapp2.1/any/ja/Microsoft.CodeAnalysis.CSharp.resources.dll": {},
          "tools/netcoreapp2.1/any/ja/Microsoft.CodeAnalysis.VisualBasic.Workspaces.resources.dll": {},
          "tools/netcoreapp2.1/any/ja/Microsoft.CodeAnalysis.VisualBasic.resources.dll": {},
          "tools/netcoreapp2.1/any/ja/Microsoft.CodeAnalysis.Workspaces.MSBuild.resources.dll": {},
          "tools/netcoreapp2.1/any/ja/Microsoft.CodeAnalysis.Workspaces.resources.dll": {},
          "tools/netcoreapp2.1/any/ja/Microsoft.CodeAnalysis.resources.dll": {},
          "tools/netcoreapp2.1/any/ja/dotnet-format.resources.dll": {},
          "tools/netcoreapp2.1/any/ko/Microsoft.CodeAnalysis.CSharp.Workspaces.resources.dll": {},
          "tools/netcoreapp2.1/any/ko/Microsoft.CodeAnalysis.CSharp.resources.dll": {},
          "tools/netcoreapp2.1/any/ko/Microsoft.CodeAnalysis.VisualBasic.Workspaces.resources.dll": {},
          "tools/netcoreapp2.1/any/ko/Microsoft.CodeAnalysis.VisualBasic.resources.dll": {},
          "tools/netcoreapp2.1/any/ko/Microsoft.CodeAnalysis.Workspaces.MSBuild.resources.dll": {},
          "tools/netcoreapp2.1/any/ko/Microsoft.CodeAnalysis.Workspaces.resources.dll": {},
          "tools/netcoreapp2.1/any/ko/Microsoft.CodeAnalysis.resources.dll": {},
          "tools/netcoreapp2.1/any/ko/dotnet-format.resources.dll": {},
          "tools/netcoreapp2.1/any/pl/Microsoft.CodeAnalysis.CSharp.Workspaces.resources.dll": {},
          "tools/netcoreapp2.1/any/pl/Microsoft.CodeAnalysis.CSharp.resources.dll": {},
          "tools/netcoreapp2.1/any/pl/Microsoft.CodeAnalysis.VisualBasic.Workspaces.resources.dll": {},
          "tools/netcoreapp2.1/any/pl/Microsoft.CodeAnalysis.VisualBasic.resources.dll": {},
          "tools/netcoreapp2.1/any/pl/Microsoft.CodeAnalysis.Workspaces.MSBuild.resources.dll": {},
          "tools/netcoreapp2.1/any/pl/Microsoft.CodeAnalysis.Workspaces.resources.dll": {},
          "tools/netcoreapp2.1/any/pl/Microsoft.CodeAnalysis.resources.dll": {},
          "tools/netcoreapp2.1/any/pl/dotnet-format.resources.dll": {},
          "tools/netcoreapp2.1/any/pt-BR/Microsoft.CodeAnalysis.CSharp.Workspaces.resources.dll": {},
          "tools/netcoreapp2.1/any/pt-BR/Microsoft.CodeAnalysis.CSharp.resources.dll": {},
          "tools/netcoreapp2.1/any/pt-BR/Microsoft.CodeAnalysis.VisualBasic.Workspaces.resources.dll": {},
          "tools/netcoreapp2.1/any/pt-BR/Microsoft.CodeAnalysis.VisualBasic.resources.dll": {},
          "tools/netcoreapp2.1/any/pt-BR/Microsoft.CodeAnalysis.Workspaces.MSBuild.resources.dll": {},
          "tools/netcoreapp2.1/any/pt-BR/Microsoft.CodeAnalysis.Workspaces.resources.dll": {},
          "tools/netcoreapp2.1/any/pt-BR/Microsoft.CodeAnalysis.resources.dll": {},
          "tools/netcoreapp2.1/any/pt-BR/dotnet-format.resources.dll": {},
          "tools/netcoreapp2.1/any/ru/Microsoft.CodeAnalysis.CSharp.Workspaces.resources.dll": {},
          "tools/netcoreapp2.1/any/ru/Microsoft.CodeAnalysis.CSharp.resources.dll": {},
          "tools/netcoreapp2.1/any/ru/Microsoft.CodeAnalysis.VisualBasic.Workspaces.resources.dll": {},
          "tools/netcoreapp2.1/any/ru/Microsoft.CodeAnalysis.VisualBasic.resources.dll": {},
          "tools/netcoreapp2.1/any/ru/Microsoft.CodeAnalysis.Workspaces.MSBuild.resources.dll": {},
          "tools/netcoreapp2.1/any/ru/Microsoft.CodeAnalysis.Workspaces.resources.dll": {},
          "tools/netcoreapp2.1/any/ru/Microsoft.CodeAnalysis.resources.dll": {},
          "tools/netcoreapp2.1/any/ru/dotnet-format.resources.dll": {},
          "tools/netcoreapp2.1/any/runtimes/win/lib/netcoreapp2.0/System.Text.Encoding.CodePages.dll": {},
          "tools/netcoreapp2.1/any/shims/osx-x64/dotnet-format": {},
          "tools/netcoreapp2.1/any/shims/win-x64/dotnet-format.exe": {},
          "tools/netcoreapp2.1/any/shims/win-x86/dotnet-format.exe": {},
          "tools/netcoreapp2.1/any/tr/Microsoft.CodeAnalysis.CSharp.Workspaces.resources.dll": {},
          "tools/netcoreapp2.1/any/tr/Microsoft.CodeAnalysis.CSharp.resources.dll": {},
          "tools/netcoreapp2.1/any/tr/Microsoft.CodeAnalysis.VisualBasic.Workspaces.resources.dll": {},
          "tools/netcoreapp2.1/any/tr/Microsoft.CodeAnalysis.VisualBasic.resources.dll": {},
          "tools/netcoreapp2.1/any/tr/Microsoft.CodeAnalysis.Workspaces.MSBuild.resources.dll": {},
          "tools/netcoreapp2.1/any/tr/Microsoft.CodeAnalysis.Workspaces.resources.dll": {},
          "tools/netcoreapp2.1/any/tr/Microsoft.CodeAnalysis.resources.dll": {},
          "tools/netcoreapp2.1/any/tr/dotnet-format.resources.dll": {},
          "tools/netcoreapp2.1/any/zh-Hans/Microsoft.CodeAnalysis.CSharp.Workspaces.resources.dll": {},
          "tools/netcoreapp2.1/any/zh-Hans/Microsoft.CodeAnalysis.CSharp.resources.dll": {},
          "tools/netcoreapp2.1/any/zh-Hans/Microsoft.CodeAnalysis.VisualBasic.Workspaces.resources.dll": {},
          "tools/netcoreapp2.1/any/zh-Hans/Microsoft.CodeAnalysis.VisualBasic.resources.dll": {},
          "tools/netcoreapp2.1/any/zh-Hans/Microsoft.CodeAnalysis.Workspaces.MSBuild.resources.dll": {},
          "tools/netcoreapp2.1/any/zh-Hans/Microsoft.CodeAnalysis.Workspaces.resources.dll": {},
          "tools/netcoreapp2.1/any/zh-Hans/Microsoft.CodeAnalysis.resources.dll": {},
          "tools/netcoreapp2.1/any/zh-Hans/dotnet-format.resources.dll": {},
          "tools/netcoreapp2.1/any/zh-Hant/Microsoft.CodeAnalysis.CSharp.Workspaces.resources.dll": {},
          "tools/netcoreapp2.1/any/zh-Hant/Microsoft.CodeAnalysis.CSharp.resources.dll": {},
          "tools/netcoreapp2.1/any/zh-Hant/Microsoft.CodeAnalysis.VisualBasic.Workspaces.resources.dll": {},
          "tools/netcoreapp2.1/any/zh-Hant/Microsoft.CodeAnalysis.VisualBasic.resources.dll": {},
          "tools/netcoreapp2.1/any/zh-Hant/Microsoft.CodeAnalysis.Workspaces.MSBuild.resources.dll": {},
          "tools/netcoreapp2.1/any/zh-Hant/Microsoft.CodeAnalysis.Workspaces.resources.dll": {},
          "tools/netcoreapp2.1/any/zh-Hant/Microsoft.CodeAnalysis.resources.dll": {},
          "tools/netcoreapp2.1/any/zh-Hant/dotnet-format.resources.dll": {}
        }
      }
    }
  },
  "libraries": {
    "dotnet-format/3.2.107702": {
      "sha512": "FoWWxgkI97OqwMJvB36onJUCTYebIABvH1C4nUBRZRjE5Bbe+UIn/gfgE7AkwIjTqn2Lmds9uC7EBYGduyUDew==",
      "type": "package",
      "path": "dotnet-format/3.2.107702",
      "hasTools": true,
      "files": [
        ".nupkg.metadata",
        ".signature.p7s",
        "dotnet-format.3.2.107702.nupkg.sha512",
        "dotnet-format.nuspec",
        "packageicon.png",
        "tools/netcoreapp2.1/any/DotnetToolSettings.xml",
        "tools/netcoreapp2.1/any/Microsoft.Build.Locator.dll",
        "tools/netcoreapp2.1/any/Microsoft.CodeAnalysis.CSharp.Workspaces.dll",
        "tools/netcoreapp2.1/any/Microsoft.CodeAnalysis.CSharp.dll",
        "tools/netcoreapp2.1/any/Microsoft.CodeAnalysis.VisualBasic.Workspaces.dll",
        "tools/netcoreapp2.1/any/Microsoft.CodeAnalysis.VisualBasic.dll",
        "tools/netcoreapp2.1/any/Microsoft.CodeAnalysis.Workspaces.MSBuild.dll",
        "tools/netcoreapp2.1/any/Microsoft.CodeAnalysis.Workspaces.dll",
        "tools/netcoreapp2.1/any/Microsoft.CodeAnalysis.dll",
        "tools/netcoreapp2.1/any/Microsoft.Extensions.Configuration.Abstractions.dll",
        "tools/netcoreapp2.1/any/Microsoft.Extensions.Configuration.Binder.dll",
        "tools/netcoreapp2.1/any/Microsoft.Extensions.Configuration.dll",
        "tools/netcoreapp2.1/any/Microsoft.Extensions.DependencyInjection.Abstractions.dll",
        "tools/netcoreapp2.1/any/Microsoft.Extensions.DependencyInjection.dll",
        "tools/netcoreapp2.1/any/Microsoft.Extensions.Logging.Abstractions.dll",
        "tools/netcoreapp2.1/any/Microsoft.Extensions.Logging.dll",
        "tools/netcoreapp2.1/any/Microsoft.Extensions.Options.dll",
        "tools/netcoreapp2.1/any/Microsoft.Extensions.Primitives.dll",
        "tools/netcoreapp2.1/any/Microsoft.VisualStudio.CodingConventions.dll",
        "tools/netcoreapp2.1/any/System.CommandLine.Rendering.dll",
        "tools/netcoreapp2.1/any/System.CommandLine.dll",
        "tools/netcoreapp2.1/any/System.Composition.AttributedModel.dll",
        "tools/netcoreapp2.1/any/System.Composition.Convention.dll",
        "tools/netcoreapp2.1/any/System.Composition.Hosting.dll",
        "tools/netcoreapp2.1/any/System.Composition.Runtime.dll",
        "tools/netcoreapp2.1/any/System.Composition.TypedParts.dll",
        "tools/netcoreapp2.1/any/System.Runtime.CompilerServices.Unsafe.dll",
        "tools/netcoreapp2.1/any/System.ServiceModel.dll",
        "tools/netcoreapp2.1/any/System.Text.Encoding.CodePages.dll",
        "tools/netcoreapp2.1/any/cs/Microsoft.CodeAnalysis.CSharp.Workspaces.resources.dll",
        "tools/netcoreapp2.1/any/cs/Microsoft.CodeAnalysis.CSharp.resources.dll",
        "tools/netcoreapp2.1/any/cs/Microsoft.CodeAnalysis.VisualBasic.Workspaces.resources.dll",
        "tools/netcoreapp2.1/any/cs/Microsoft.CodeAnalysis.VisualBasic.resources.dll",
        "tools/netcoreapp2.1/any/cs/Microsoft.CodeAnalysis.Workspaces.MSBuild.resources.dll",
        "tools/netcoreapp2.1/any/cs/Microsoft.CodeAnalysis.Workspaces.resources.dll",
        "tools/netcoreapp2.1/any/cs/Microsoft.CodeAnalysis.resources.dll",
        "tools/netcoreapp2.1/any/cs/dotnet-format.resources.dll",
        "tools/netcoreapp2.1/any/de/Microsoft.CodeAnalysis.CSharp.Workspaces.resources.dll",
        "tools/netcoreapp2.1/any/de/Microsoft.CodeAnalysis.CSharp.resources.dll",
        "tools/netcoreapp2.1/any/de/Microsoft.CodeAnalysis.VisualBasic.Workspaces.resources.dll",
        "tools/netcoreapp2.1/any/de/Microsoft.CodeAnalysis.VisualBasic.resources.dll",
        "tools/netcoreapp2.1/any/de/Microsoft.CodeAnalysis.Workspaces.MSBuild.resources.dll",
        "tools/netcoreapp2.1/any/de/Microsoft.CodeAnalysis.Workspaces.resources.dll",
        "tools/netcoreapp2.1/any/de/Microsoft.CodeAnalysis.resources.dll",
        "tools/netcoreapp2.1/any/de/dotnet-format.resources.dll",
        "tools/netcoreapp2.1/any/dotnet-format.deps.json",
        "tools/netcoreapp2.1/any/dotnet-format.dll",
        "tools/netcoreapp2.1/any/dotnet-format.dll.config",
        "tools/netcoreapp2.1/any/dotnet-format.pdb",
        "tools/netcoreapp2.1/any/dotnet-format.runtimeconfig.json",
        "tools/netcoreapp2.1/any/es/Microsoft.CodeAnalysis.CSharp.Workspaces.resources.dll",
        "tools/netcoreapp2.1/any/es/Microsoft.CodeAnalysis.CSharp.resources.dll",
        "tools/netcoreapp2.1/any/es/Microsoft.CodeAnalysis.VisualBasic.Workspaces.resources.dll",
        "tools/netcoreapp2.1/any/es/Microsoft.CodeAnalysis.VisualBasic.resources.dll",
        "tools/netcoreapp2.1/any/es/Microsoft.CodeAnalysis.Workspaces.MSBuild.resources.dll",
        "tools/netcoreapp2.1/any/es/Microsoft.CodeAnalysis.Workspaces.resources.dll",
        "tools/netcoreapp2.1/any/es/Microsoft.CodeAnalysis.resources.dll",
        "tools/netcoreapp2.1/any/es/dotnet-format.resources.dll",
        "tools/netcoreapp2.1/any/fr/Microsoft.CodeAnalysis.CSharp.Workspaces.resources.dll",
        "tools/netcoreapp2.1/any/fr/Microsoft.CodeAnalysis.CSharp.resources.dll",
        "tools/netcoreapp2.1/any/fr/Microsoft.CodeAnalysis.VisualBasic.Workspaces.resources.dll",
        "tools/netcoreapp2.1/any/fr/Microsoft.CodeAnalysis.VisualBasic.resources.dll",
        "tools/netcoreapp2.1/any/fr/Microsoft.CodeAnalysis.Workspaces.MSBuild.resources.dll",
        "tools/netcoreapp2.1/any/fr/Microsoft.CodeAnalysis.Workspaces.resources.dll",
        "tools/netcoreapp2.1/any/fr/Microsoft.CodeAnalysis.resources.dll",
        "tools/netcoreapp2.1/any/fr/dotnet-format.resources.dll",
        "tools/netcoreapp2.1/any/it/Microsoft.CodeAnalysis.CSharp.Workspaces.resources.dll",
        "tools/netcoreapp2.1/any/it/Microsoft.CodeAnalysis.CSharp.resources.dll",
        "tools/netcoreapp2.1/any/it/Microsoft.CodeAnalysis.VisualBasic.Workspaces.resources.dll",
        "tools/netcoreapp2.1/any/it/Microsoft.CodeAnalysis.VisualBasic.resources.dll",
        "tools/netcoreapp2.1/any/it/Microsoft.CodeAnalysis.Workspaces.MSBuild.resources.dll",
        "tools/netcoreapp2.1/any/it/Microsoft.CodeAnalysis.Workspaces.resources.dll",
        "tools/netcoreapp2.1/any/it/Microsoft.CodeAnalysis.resources.dll",
        "tools/netcoreapp2.1/any/it/dotnet-format.resources.dll",
        "tools/netcoreapp2.1/any/ja/Microsoft.CodeAnalysis.CSharp.Workspaces.resources.dll",
        "tools/netcoreapp2.1/any/ja/Microsoft.CodeAnalysis.CSharp.resources.dll",
        "tools/netcoreapp2.1/any/ja/Microsoft.CodeAnalysis.VisualBasic.Workspaces.resources.dll",
        "tools/netcoreapp2.1/any/ja/Microsoft.CodeAnalysis.VisualBasic.resources.dll",
        "tools/netcoreapp2.1/any/ja/Microsoft.CodeAnalysis.Workspaces.MSBuild.resources.dll",
        "tools/netcoreapp2.1/any/ja/Microsoft.CodeAnalysis.Workspaces.resources.dll",
        "tools/netcoreapp2.1/any/ja/Microsoft.CodeAnalysis.resources.dll",
        "tools/netcoreapp2.1/any/ja/dotnet-format.resources.dll",
        "tools/netcoreapp2.1/any/ko/Microsoft.CodeAnalysis.CSharp.Workspaces.resources.dll",
        "tools/netcoreapp2.1/any/ko/Microsoft.CodeAnalysis.CSharp.resources.dll",
        "tools/netcoreapp2.1/any/ko/Microsoft.CodeAnalysis.VisualBasic.Workspaces.resources.dll",
        "tools/netcoreapp2.1/any/ko/Microsoft.CodeAnalysis.VisualBasic.resources.dll",
        "tools/netcoreapp2.1/any/ko/Microsoft.CodeAnalysis.Workspaces.MSBuild.resources.dll",
        "tools/netcoreapp2.1/any/ko/Microsoft.CodeAnalysis.Workspaces.resources.dll",
        "tools/netcoreapp2.1/any/ko/Microsoft.CodeAnalysis.resources.dll",
        "tools/netcoreapp2.1/any/ko/dotnet-format.resources.dll",
        "tools/netcoreapp2.1/any/pl/Microsoft.CodeAnalysis.CSharp.Workspaces.resources.dll",
        "tools/netcoreapp2.1/any/pl/Microsoft.CodeAnalysis.CSharp.resources.dll",
        "tools/netcoreapp2.1/any/pl/Microsoft.CodeAnalysis.VisualBasic.Workspaces.resources.dll",
        "tools/netcoreapp2.1/any/pl/Microsoft.CodeAnalysis.VisualBasic.resources.dll",
        "tools/netcoreapp2.1/any/pl/Microsoft.CodeAnalysis.Workspaces.MSBuild.resources.dll",
        "tools/netcoreapp2.1/any/pl/Microsoft.CodeAnalysis.Workspaces.resources.dll",
        "tools/netcoreapp2.1/any/pl/Microsoft.CodeAnalysis.resources.dll",
        "tools/netcoreapp2.1/any/pl/dotnet-format.resources.dll",
        "tools/netcoreapp2.1/any/pt-BR/Microsoft.CodeAnalysis.CSharp.Workspaces.resources.dll",
        "tools/netcoreapp2.1/any/pt-BR/Microsoft.CodeAnalysis.CSharp.resources.dll",
        "tools/netcoreapp2.1/any/pt-BR/Microsoft.CodeAnalysis.VisualBasic.Workspaces.resources.dll",
        "tools/netcoreapp2.1/any/pt-BR/Microsoft.CodeAnalysis.VisualBasic.resources.dll",
        "tools/netcoreapp2.1/any/pt-BR/Microsoft.CodeAnalysis.Workspaces.MSBuild.resources.dll",
        "tools/netcoreapp2.1/any/pt-BR/Microsoft.CodeAnalysis.Workspaces.resources.dll",
        "tools/netcoreapp2.1/any/pt-BR/Microsoft.CodeAnalysis.resources.dll",
        "tools/netcoreapp2.1/any/pt-BR/dotnet-format.resources.dll",
        "tools/netcoreapp2.1/any/ru/Microsoft.CodeAnalysis.CSharp.Workspaces.resources.dll",
        "tools/netcoreapp2.1/any/ru/Microsoft.CodeAnalysis.CSharp.resources.dll",
        "tools/netcoreapp2.1/any/ru/Microsoft.CodeAnalysis.VisualBasic.Workspaces.resources.dll",
        "tools/netcoreapp2.1/any/ru/Microsoft.CodeAnalysis.VisualBasic.resources.dll",
        "tools/netcoreapp2.1/any/ru/Microsoft.CodeAnalysis.Workspaces.MSBuild.resources.dll",
        "tools/netcoreapp2.1/any/ru/Microsoft.CodeAnalysis.Workspaces.resources.dll",
        "tools/netcoreapp2.1/any/ru/Microsoft.CodeAnalysis.resources.dll",
        "tools/netcoreapp2.1/any/ru/dotnet-format.resources.dll",
        "tools/netcoreapp2.1/any/runtimes/win/lib/netcoreapp2.0/System.Text.Encoding.CodePages.dll",
        "tools/netcoreapp2.1/any/shims/osx-x64/dotnet-format",
        "tools/netcoreapp2.1/any/shims/win-x64/dotnet-format.exe",
        "tools/netcoreapp2.1/any/shims/win-x86/dotnet-format.exe",
        "tools/netcoreapp2.1/any/tr/Microsoft.CodeAnalysis.CSharp.Workspaces.resources.dll",
        "tools/netcoreapp2.1/any/tr/Microsoft.CodeAnalysis.CSharp.resources.dll",
        "tools/netcoreapp2.1/any/tr/Microsoft.CodeAnalysis.VisualBasic.Workspaces.resources.dll",
        "tools/netcoreapp2.1/any/tr/Microsoft.CodeAnalysis.VisualBasic.resources.dll",
        "tools/netcoreapp2.1/any/tr/Microsoft.CodeAnalysis.Workspaces.MSBuild.resources.dll",
        "tools/netcoreapp2.1/any/tr/Microsoft.CodeAnalysis.Workspaces.resources.dll",
        "tools/netcoreapp2.1/any/tr/Microsoft.CodeAnalysis.resources.dll",
        "tools/netcoreapp2.1/any/tr/dotnet-format.resources.dll",
        "tools/netcoreapp2.1/any/zh-Hans/Microsoft.CodeAnalysis.CSharp.Workspaces.resources.dll",
        "tools/netcoreapp2.1/any/zh-Hans/Microsoft.CodeAnalysis.CSharp.resources.dll",
        "tools/netcoreapp2.1/any/zh-Hans/Microsoft.CodeAnalysis.VisualBasic.Workspaces.resources.dll",
        "tools/netcoreapp2.1/any/zh-Hans/Microsoft.CodeAnalysis.VisualBasic.resources.dll",
        "tools/netcoreapp2.1/any/zh-Hans/Microsoft.CodeAnalysis.Workspaces.MSBuild.resources.dll",
        "tools/netcoreapp2.1/any/zh-Hans/Microsoft.CodeAnalysis.Workspaces.resources.dll",
        "tools/netcoreapp2.1/any/zh-Hans/Microsoft.CodeAnalysis.resources.dll",
        "tools/netcoreapp2.1/any/zh-Hans/dotnet-format.resources.dll",
        "tools/netcoreapp2.1/any/zh-Hant/Microsoft.CodeAnalysis.CSharp.Workspaces.resources.dll",
        "tools/netcoreapp2.1/any/zh-Hant/Microsoft.CodeAnalysis.CSharp.resources.dll",
        "tools/netcoreapp2.1/any/zh-Hant/Microsoft.CodeAnalysis.VisualBasic.Workspaces.resources.dll",
        "tools/netcoreapp2.1/any/zh-Hant/Microsoft.CodeAnalysis.VisualBasic.resources.dll",
        "tools/netcoreapp2.1/any/zh-Hant/Microsoft.CodeAnalysis.Workspaces.MSBuild.resources.dll",
        "tools/netcoreapp2.1/any/zh-Hant/Microsoft.CodeAnalysis.Workspaces.resources.dll",
        "tools/netcoreapp2.1/any/zh-Hant/Microsoft.CodeAnalysis.resources.dll",
        "tools/netcoreapp2.1/any/zh-Hant/dotnet-format.resources.dll"
      ]
    }
  },
  "projectFileDependencyGroups": {
    ".NETCoreApp,Version=v3.1": [
      "dotnet-format >= 3.2.107702"
    ]
  },
  "packageFolders": {
    "/Users/ivanpaulovich/git/clean-architecture-manga/tools/.store/.stage/kc0qiuep.dse": {}
  },
  "project": {
    "version": "1.0.0",
    "restore": {
      "projectUniqueName": "/var/folders/jx/76lrlbr55gxghr8brqgtg12r0000gn/T/n4lcflu3.qrf/restore.csproj",
      "projectName": "restore",
      "projectPath": "/var/folders/jx/76lrlbr55gxghr8brqgtg12r0000gn/T/n4lcflu3.qrf/restore.csproj",
      "packagesPath": "/Users/ivanpaulovich/git/clean-architecture-manga/tools/.store/.stage/kc0qiuep.dse",
      "outputPath": "/Users/ivanpaulovich/git/clean-architecture-manga/tools/.store/.stage/kc0qiuep.dse/",
      "projectStyle": "DotnetToolReference",
      "configFilePaths": [
        "/Users/ivanpaulovich/.nuget/NuGet/NuGet.Config"
      ],
      "originalTargetFrameworks": [
        "netcoreapp3.1"
      ],
      "sources": {
        "/usr/local/share/dotnet/sdk/NuGetFallbackFolder": {},
        "https://api.nuget.org/v3/index.json": {}
      },
      "frameworks": {
        "netcoreapp3.1": {
          "projectReferences": {}
        }
      },
      "warningProperties": {
        "warnAsError": [
          "NU1605"
        ]
      }
    },
    "frameworks": {
      "netcoreapp3.1": {
        "dependencies": {
          "dotnet-format": {
            "target": "Package",
            "version": "[3.2.107702, )"
          }
        },
        "imports": [
          "net461",
          "net462",
          "net47",
          "net471",
          "net472",
          "net48"
        ],
        "assetTargetFallback": true,
        "warn": true,
        "runtimeIdentifierGraphPath": "/usr/local/share/dotnet/sdk/3.1.101/RuntimeIdentifierGraph.json"
      }
    },
    "runtimes": {
      "any": {
        "#import": []
      }
    }
  }
}