
Microsoft Visual Studio Solution File, Format Version 12.00
# Visual Studio 15
VisualStudioVersion = 15.0.27130.2027
MinimumVisualStudioVersion = 10.0.40219.1
Project("{9A19103F-16F7-4668-BE54-9A1E7A4F7556}") = "Manga.Domain", "Manga.Domain\Manga.Domain.csproj", "{F3180938-B6F4-4013-BE2E-B04AB071C0CD}"
EndProject
Project("{9A19103F-16F7-4668-BE54-9A1E7A4F7556}") = "Manga.Application", "Manga.Application\Manga.Application.csproj", "{2ADE9881-9528-4641-9C82-5F9A7F54DE7F}"
EndProject
Project("{9A19103F-16F7-4668-BE54-9A1E7A4F7556}") = "Manga.Infrastructure", "Manga.Infrastructure\Manga.Infrastructure.csproj", "{1A1AD541-4857-486D-9C24-5F5A6839C1CC}"
EndProject
Project("{9A19103F-16F7-4668-BE54-9A1E7A4F7556}") = "Manga.UI", "Manga.UI\Manga.UI.csproj", "{4481563F-9224-41BD-BC32-F2A568ABDB58}"
EndProject
Project("{2150E333-8FDC-42A3-9474-1A3956D46DE8}") = "Tests", "Tests", "{3E863CF7-18AE-40BB-86FB-B5802AF94F76}"
EndProject
Project("{9A19103F-16F7-4668-BE54-9A1E7A4F7556}") = "Manga.UnitTests", "..\Tests\Manga.UnitTests\Manga.UnitTests.csproj", "{1236F8A3-7A5A-40C4-9863-721EE3403F76}"
EndProject
Project("{9A19103F-16F7-4668-BE54-9A1E7A4F7556}") = "Manga.UseCaseTests", "..\Tests\Manga.UseCaseTests\Manga.UseCaseTests.csproj", "{6A2F99A7-EBE9-4EAA-9932-477B4E895EAF}"
EndProject
Project("{9A19103F-16F7-4668-BE54-9A1E7A4F7556}") = "Manga.MappingsTests", "..\Tests\Manga.MappingsTests\Manga.MappingsTests.csproj", "{0CD206E3-F9C2-42B3-A80A-4FE2F508B7BE}"
EndProject
Project("{9A19103F-16F7-4668-BE54-9A1E7A4F7556}") = "Manga.IntegrationTests", "..\Tests\Manga.IntegrationTests\Manga.IntegrationTests.csproj", "{B011CC8D-7C51-4827-8058-76E4FCC793C5}"
EndProject
Global
	GlobalSection(SolutionConfigurationPlatforms) = preSolution
		Debug|Any CPU = Debug|Any CPU
		Release|Any CPU = Release|Any CPU
	EndGlobalSection
	GlobalSection(ProjectConfigurationPlatforms) = postSolution
		{F3180938-B6F4-4013-BE2E-B04AB071C0CD}.Debug|Any CPU.ActiveCfg = Debug|Any CPU
		{F3180938-B6F4-4013-BE2E-B04AB071C0CD}.Debug|Any CPU.Build.0 = Debug|Any CPU
		{F3180938-B6F4-4013-BE2E-B04AB071C0CD}.Release|Any CPU.ActiveCfg = Release|Any CPU
		{F3180938-B6F4-4013-BE2E-B04AB071C0CD}.Release|Any CPU.Build.0 = Release|Any CPU
		{2ADE9881-9528-4641-9C82-5F9A7F54DE7F}.Debug|Any CPU.ActiveCfg = Debug|Any CPU
		{2ADE9881-9528-4641-9C82-5F9A7F54DE7F}.Debug|Any CPU.Build.0 = Debug|Any CPU
		{2ADE9881-9528-4641-9C82-5F9A7F54DE7F}.Release|Any CPU.ActiveCfg = Release|Any CPU
		{2ADE9881-9528-4641-9C82-5F9A7F54DE7F}.Release|Any CPU.Build.0 = Release|Any CPU
		{1A1AD541-4857-486D-9C24-5F5A6839C1CC}.Debug|Any CPU.ActiveCfg = Debug|Any CPU
		{1A1AD541-4857-486D-9C24-5F5A6839C1CC}.Debug|Any CPU.Build.0 = Debug|Any CPU
		{1A1AD541-4857-486D-9C24-5F5A6839C1CC}.Release|Any CPU.ActiveCfg = Release|Any CPU
		{1A1AD541-4857-486D-9C24-5F5A6839C1CC}.Release|Any CPU.Build.0 = Release|Any CPU
		{4481563F-9224-41BD-BC32-F2A568ABDB58}.Debug|Any CPU.ActiveCfg = Debug|Any CPU
		{4481563F-9224-41BD-BC32-F2A568ABDB58}.Debug|Any CPU.Build.0 = Debug|Any CPU
		{4481563F-9224-41BD-BC32-F2A568ABDB58}.Release|Any CPU.ActiveCfg = Release|Any CPU
		{4481563F-9224-41BD-BC32-F2A568ABDB58}.Release|Any CPU.Build.0 = Release|Any CPU
		{1236F8A3-7A5A-40C4-9863-721EE3403F76}.Debug|Any CPU.ActiveCfg = Debug|Any CPU
		{1236F8A3-7A5A-40C4-9863-721EE3403F76}.Debug|Any CPU.Build.0 = Debug|Any CPU
		{1236F8A3-7A5A-40C4-9863-721EE3403F76}.Release|Any CPU.ActiveCfg = Release|Any CPU
		{1236F8A3-7A5A-40C4-9863-721EE3403F76}.Release|Any CPU.Build.0 = Release|Any CPU
		{6A2F99A7-EBE9-4EAA-9932-477B4E895EAF}.Debug|Any CPU.ActiveCfg = Debug|Any CPU
		{6A2F99A7-EBE9-4EAA-9932-477B4E895EAF}.Debug|Any CPU.Build.0 = Debug|Any CPU
		{6A2F99A7-EBE9-4EAA-9932-477B4E895EAF}.Release|Any CPU.ActiveCfg = Release|Any CPU
		{6A2F99A7-EBE9-4EAA-9932-477B4E895EAF}.Release|Any CPU.Build.0 = Release|Any CPU
		{0CD206E3-F9C2-42B3-A80A-4FE2F508B7BE}.Debug|Any CPU.ActiveCfg = Debug|Any CPU
		{0CD206E3-F9C2-42B3-A80A-4FE2F508B7BE}.Debug|Any CPU.Build.0 = Debug|Any CPU
		{0CD206E3-F9C2-42B3-A80A-4FE2F508B7BE}.Release|Any CPU.ActiveCfg = Release|Any CPU
		{0CD206E3-F9C2-42B3-A80A-4FE2F508B7BE}.Release|Any CPU.Build.0 = Release|Any CPU
		{B011CC8D-7C51-4827-8058-76E4FCC793C5}.Debug|Any CPU.ActiveCfg = Debug|Any CPU
		{B011CC8D-7C51-4827-8058-76E4FCC793C5}.Debug|Any CPU.Build.0 = Debug|Any CPU
		{B011CC8D-7C51-4827-8058-76E4FCC793C5}.Release|Any CPU.ActiveCfg = Release|Any CPU
		{B011CC8D-7C51-4827-8058-76E4FCC793C5}.Release|Any CPU.Build.0 = Release|Any CPU
	EndGlobalSection
	GlobalSection(SolutionProperties) = preSolution
		HideSolutionNode = FALSE
	EndGlobalSection
	GlobalSection(NestedProjects) = preSolution
		{1236F8A3-7A5A-40C4-9863-721EE3403F76} = {3E863CF7-18AE-40BB-86FB-B5802AF94F76}
		{6A2F99A7-EBE9-4EAA-9932-477B4E895EAF} = {3E863CF7-18AE-40BB-86FB-B5802AF94F76}
		{0CD206E3-F9C2-42B3-A80A-4FE2F508B7BE} = {3E863CF7-18AE-40BB-86FB-B5802AF94F76}
		{B011CC8D-7C51-4827-8058-76E4FCC793C5} = {3E863CF7-18AE-40BB-86FB-B5802AF94F76}
	EndGlobalSection
	GlobalSection(ExtensibilityGlobals) = postSolution
		SolutionGuid = {B0CEF72D-346B-4842-9837-7E3ECEEB2BD1}
	EndGlobalSection
EndGlobal
