
Microsoft Visual Studio Solution File, Format Version 12.00
# Visual Studio 15
VisualStudioVersion = 15.0.27130.2027
MinimumVisualStudioVersion = 10.0.40219.1
Project("{9A19103F-16F7-4668-BE54-9A1E7A4F7556}") = "Acerola.Domain", "Acerola.Domain\Acerola.Domain.csproj", "{F3180938-B6F4-4013-BE2E-B04AB071C0CD}"
EndProject
Project("{9A19103F-16F7-4668-BE54-9A1E7A4F7556}") = "Acerola.Application", "Acerola.Application\Acerola.Application.csproj", "{2ADE9881-9528-4641-9C82-5F9A7F54DE7F}"
EndProject
Project("{9A19103F-16F7-4668-BE54-9A1E7A4F7556}") = "Acerola.UnitTests", "Acerola.UnitTests\Acerola.UnitTests.csproj", "{FFBE6B05-9C2D-48C7-848B-A8F6928BF348}"
EndProject
Project("{9A19103F-16F7-4668-BE54-9A1E7A4F7556}") = "Acerola.Infrastructure", "Acerola.Infrastructure\Acerola.Infrastructure.csproj", "{1A1AD541-4857-486D-9C24-5F5A6839C1CC}"
EndProject
Project("{9A19103F-16F7-4668-BE54-9A1E7A4F7556}") = "Acerola.UI", "Acerola.UI\Acerola.UI.csproj", "{4481563F-9224-41BD-BC32-F2A568ABDB58}"
EndProject
Project("{FAE04EC0-301F-11D3-BF4B-00C04F79EFBC}") = "Acerola.IntegrationTests", "Acerola.IntegrationTests\Acerola.IntegrationTests.csproj", "{E47D6A27-FC4A-445B-AA64-975AA5D87E9E}"
EndProject
Project("{2150E333-8FDC-42A3-9474-1A3956D46DE8}") = "Tests", "Tests", "{3E863CF7-18AE-40BB-86FB-B5802AF94F76}"
EndProject
Global
	GlobalSection(SolutionConfigurationPlatforms) = preSolution
		Debug|Any CPU = Debug|Any CPU
		Release|Any CPU = Release|Any CPU
	EndGlobalSection
	GlobalSection(ProjectConfigurationPlatforms) = postSolution
		{F3180938-B6F4-4013-BE2E-B04AB071C0CD}.Debug|Any CPU.ActiveCfg = Debug|Any CPU
		{F3180938-B6F4-4013-BE2E-B04AB071C0CD}.Debug|Any CPU.Build.0 = Debug|Any CPU
		{F3180938-B6F4-4013-BE2E-B04AB071C0CD}.Release|Any CPU.ActiveCfg = Release|Any CPU
		{F3180938-B6F4-4013-BE2E-B04AB071C0CD}.Release|Any CPU.Build.0 = Release|Any CPU
		{2ADE9881-9528-4641-9C82-5F9A7F54DE7F}.Debug|Any CPU.ActiveCfg = Debug|Any CPU
		{2ADE9881-9528-4641-9C82-5F9A7F54DE7F}.Debug|Any CPU.Build.0 = Debug|Any CPU
		{2ADE9881-9528-4641-9C82-5F9A7F54DE7F}.Release|Any CPU.ActiveCfg = Release|Any CPU
		{2ADE9881-9528-4641-9C82-5F9A7F54DE7F}.Release|Any CPU.Build.0 = Release|Any CPU
		{FFBE6B05-9C2D-48C7-848B-A8F6928BF348}.Debug|Any CPU.ActiveCfg = Debug|Any CPU
		{FFBE6B05-9C2D-48C7-848B-A8F6928BF348}.Debug|Any CPU.Build.0 = Debug|Any CPU
		{FFBE6B05-9C2D-48C7-848B-A8F6928BF348}.Release|Any CPU.ActiveCfg = Release|Any CPU
		{FFBE6B05-9C2D-48C7-848B-A8F6928BF348}.Release|Any CPU.Build.0 = Release|Any CPU
		{1A1AD541-4857-486D-9C24-5F5A6839C1CC}.Debug|Any CPU.ActiveCfg = Debug|Any CPU
		{1A1AD541-4857-486D-9C24-5F5A6839C1CC}.Debug|Any CPU.Build.0 = Debug|Any CPU
		{1A1AD541-4857-486D-9C24-5F5A6839C1CC}.Release|Any CPU.ActiveCfg = Release|Any CPU
		{1A1AD541-4857-486D-9C24-5F5A6839C1CC}.Release|Any CPU.Build.0 = Release|Any CPU
		{4481563F-9224-41BD-BC32-F2A568ABDB58}.Debug|Any CPU.ActiveCfg = Debug|Any CPU
		{4481563F-9224-41BD-BC32-F2A568ABDB58}.Debug|Any CPU.Build.0 = Debug|Any CPU
		{4481563F-9224-41BD-BC32-F2A568ABDB58}.Release|Any CPU.ActiveCfg = Release|Any CPU
		{4481563F-9224-41BD-BC32-F2A568ABDB58}.Release|Any CPU.Build.0 = Release|Any CPU
		{E47D6A27-FC4A-445B-AA64-975AA5D87E9E}.Debug|Any CPU.ActiveCfg = Debug|Any CPU
		{E47D6A27-FC4A-445B-AA64-975AA5D87E9E}.Debug|Any CPU.Build.0 = Debug|Any CPU
		{E47D6A27-FC4A-445B-AA64-975AA5D87E9E}.Release|Any CPU.ActiveCfg = Release|Any CPU
		{E47D6A27-FC4A-445B-AA64-975AA5D87E9E}.Release|Any CPU.Build.0 = Release|Any CPU
	EndGlobalSection
	GlobalSection(SolutionProperties) = preSolution
		HideSolutionNode = FALSE
	EndGlobalSection
	GlobalSection(NestedProjects) = preSolution
		{FFBE6B05-9C2D-48C7-848B-A8F6928BF348} = {3E863CF7-18AE-40BB-86FB-B5802AF94F76}
		{E47D6A27-FC4A-445B-AA64-975AA5D87E9E} = {3E863CF7-18AE-40BB-86FB-B5802AF94F76}
	EndGlobalSection
	GlobalSection(ExtensibilityGlobals) = postSolution
		SolutionGuid = {B0CEF72D-346B-4842-9837-7E3ECEEB2BD1}
	EndGlobalSection
EndGlobal
